
Microsoft Visual Studio Solution File, Format Version 12.00
# Visual Studio Version 17
VisualStudioVersion = 17.10.34928.147
MinimumVisualStudioVersion = 10.0.40219.1
Project("{FAE04EC0-301F-11D3-BF4B-00C04F79EFBC}") = "JanuaryExam2025", "JanuaryExam2025\JanuaryExam2025.csproj", "{0458D3AC-5E04-4B8E-A09A-9D3E0EE953EE}"
EndProject
Global
	GlobalSection(SolutionConfigurationPlatforms) = preSolution
		Debug|Any CPU = Debug|Any CPU
		Release|Any CPU = Release|Any CPU
	EndGlobalSection
	GlobalSection(ProjectConfigurationPlatforms) = postSolution
		{0458D3AC-5E04-4B8E-A09A-9D3E0EE953EE}.Debug|Any CPU.ActiveCfg = Debug|Any CPU
		{0458D3AC-5E04-4B8E-A09A-9D3E0EE953EE}.Debug|Any CPU.Build.0 = Debug|Any CPU
		{0458D3AC-5E04-4B8E-A09A-9D3E0EE953EE}.Release|Any CPU.ActiveCfg = Release|Any CPU
		{0458D3AC-5E04-4B8E-A09A-9D3E0EE953EE}.Release|Any CPU.Build.0 = Release|Any CPU
	EndGlobalSection
	GlobalSection(SolutionProperties) = preSolution
		HideSolutionNode = FALSE
	EndGlobalSection
	GlobalSection(ExtensibilityGlobals) = postSolution
		SolutionGuid = {20DA0C02-9D0B-43A2-81D4-E3D386C13B15}
	EndGlobalSection
EndGlobal
